Microsoft Visual Studio Solution File, Format Version 12.00
# Visual Studio Version 17
VisualStudioVersion = 17.5.2.0
MinimumVisualStudioVersion = 10.0.40219.1
Project("{FAE04EC0-301F-11D3-BF4B-00C04F79EFBC}") = "changevalue", "changevalue.csproj", "{68D1EAF8-C35A-A2E6-5F3E-2F23EFCE7042}"
EndProject
Global
	GlobalSection(SolutionConfigurationPlatforms) = preSolution
		Debug|Any CPU = Debug|Any CPU
		Release|Any CPU = Release|Any CPU
	EndGlobalSection
	GlobalSection(ProjectConfigurationPlatforms) = postSolution
		{68D1EAF8-C35A-A2E6-5F3E-2F23EFCE7042}.Debug|Any CPU.ActiveCfg = Debug|Any CPU
		{68D1EAF8-C35A-A2E6-5F3E-2F23EFCE7042}.Debug|Any CPU.Build.0 = Debug|Any CPU
		{68D1EAF8-C35A-A2E6-5F3E-2F23EFCE7042}.Release|Any CPU.ActiveCfg = Release|Any CPU
		{68D1EAF8-C35A-A2E6-5F3E-2F23EFCE7042}.Release|Any CPU.Build.0 = Release|Any CPU
	EndGlobalSection
	GlobalSection(SolutionProperties) = preSolution
		HideSolutionNode = FALSE
	EndGlobalSection
	GlobalSection(ExtensibilityGlobals) = postSolution
		SolutionGuid = {7C469D56-B927-4F59-A31C-59CD1DBFD2E8}
	EndGlobalSection
EndGlobal
